
Microsoft Visual Studio Solution File, Format Version 12.00
# Visual Studio Version 16
VisualStudioVersion = 16.0.34031.81
MinimumVisualStudioVersion = 10.0.40219.1
Project("{FAE04EC0-301F-11D3-BF4B-00C04F79EFBC}") = "BaiTap02", "BaiTap02\BaiTap02.csproj", "{CE950061-EC8B-4DDA-9829-71B7E1B9FE4E}"
EndProject
Global
	GlobalSection(SolutionConfigurationPlatforms) = preSolution
		Debug|Any CPU = Debug|Any CPU
		Release|Any CPU = Release|Any CPU
	EndGlobalSection
	GlobalSection(ProjectConfigurationPlatforms) = postSolution
		{CE950061-EC8B-4DDA-9829-71B7E1B9FE4E}.Debug|Any CPU.ActiveCfg = Debug|Any CPU
		{CE950061-EC8B-4DDA-9829-71B7E1B9FE4E}.Debug|Any CPU.Build.0 = Debug|Any CPU
		{CE950061-EC8B-4DDA-9829-71B7E1B9FE4E}.Release|Any CPU.ActiveCfg = Release|Any CPU
		{CE950061-EC8B-4DDA-9829-71B7E1B9FE4E}.Release|Any CPU.Build.0 = Release|Any CPU
	EndGlobalSection
	GlobalSection(SolutionProperties) = preSolution
		HideSolutionNode = FALSE
	EndGlobalSection
	GlobalSection(ExtensibilityGlobals) = postSolution
		SolutionGuid = {CF3CF045-65C8-4AD1-9D0D-52AD5D337412}
	EndGlobalSection
EndGlobal
